// !$*UTF8*$!
{
	archiveVersion = 1;
	classes = {
	};
	objectVersion = 56;
	objects = {

/* Begin PBXBuildFile section */
		84ECF69429DF3845006373B7 /* ModelData.swift in Sources */ = {isa = PBXBuildFile; fileRef = 84ECF69329DF3845006373B7 /* ModelData.swift */; };
		84ECF69929DF3A45006373B7 /* LandmarkRow.swift in Sources */ = {isa = PBXBuildFile; fileRef = 84ECF69829DF3A45006373B7 /* LandmarkRow.swift */; };
		84ECF69B29DF3C8F006373B7 /* LandmarkList.swift in Sources */ = {isa = PBXBuildFile; fileRef = 84ECF69A29DF3C8F006373B7 /* LandmarkList.swift */; };
		84ECF69D29DF3EE3006373B7 /* LandmarkDetail.swift in Sources */ = {isa = PBXBuildFile; fileRef = 84ECF69C29DF3EE3006373B7 /* LandmarkDetail.swift */; };
		84ECF69F29DF62E6006373B7 /* FavoriteButton.swift in Sources */ = {isa = PBXBuildFile; fileRef = 84ECF69E29DF62E6006373B7 /* FavoriteButton.swift */; };
		84ECF6A329DF7D51006373B7 /* HexagonParameters.swift in Sources */ = {isa = PBXBuildFile; fileRef = 84ECF6A229DF7D51006373B7 /* HexagonParameters.swift */; };
		84ECF6A529DF7EF5006373B7 /* BadgeBackground.swift in Sources */ = {isa = PBXBuildFile; fileRef = 84ECF6A429DF7EF5006373B7 /* BadgeBackground.swift */; };
		84ECF6A729DF84DA006373B7 /* BadgeSymbol.swift in Sources */ = {isa = PBXBuildFile; fileRef = 84ECF6A629DF84DA006373B7 /* BadgeSymbol.swift */; };
		84ECF6A929DF85DB006373B7 /* RotatedBadgeSymbol.swift in Sources */ = {isa = PBXBuildFile; fileRef = 84ECF6A829DF85DB006373B7 /* RotatedBadgeSymbol.swift */; };
		84ECF6AB29DF8681006373B7 /* Badge.swift in Sources */ = {isa = PBXBuildFile; fileRef = 84ECF6AA29DF8681006373B7 /* Badge.swift */; };
		84ECF6AE29DF8A1F006373B7 /* hikeData.json in Resources */ = {isa = PBXBuildFile; fileRef = 84ECF6AD29DF8A1F006373B7 /* hikeData.json */; };
		84ECF6B029DF8A47006373B7 /* Hike.swift in Sources */ = {isa = PBXBuildFile; fileRef = 84ECF6AF29DF8A47006373B7 /* Hike.swift */; };
		84ECF6B629DF8B7B006373B7 /* GraphCapsule.swift in Sources */ = {isa = PBXBuildFile; fileRef = 84ECF6B229DF8B7B006373B7 /* GraphCapsule.swift */; };
		84ECF6B729DF8B7B006373B7 /* HikeGraph.swift in Sources */ = {isa = PBXBuildFile; fileRef = 84ECF6B329DF8B7B006373B7 /* HikeGraph.swift */; };
		84ECF6B829DF8B7B006373B7 /* HikeDetail.swift in Sources */ = {isa = PBXBuildFile; fileRef = 84ECF6B429DF8B7B006373B7 /* HikeDetail.swift */; };
		84ECF6B929DF8B7B006373B7 /* HikeView.swift in Sources */ = {isa = PBXBuildFile; fileRef = 84ECF6B529DF8B7B006373B7 /* HikeView.swift */; };
		84ED11EF29E0984700649F92 /* CategoryHome.swift in Sources */ = {isa = PBXBuildFile; fileRef = 84ED11EE29E0984700649F92 /* CategoryHome.swift */; };
		84ED11F129E09B8900649F92 /* CategoryRow.swift in Sources */ = {isa = PBXBuildFile; fileRef = 84ED11F029E09B8900649F92 /* CategoryRow.swift */; };
		84ED11F329E09D2E00649F92 /* CategoryItem.swift in Sources */ = {isa = PBXBuildFile; fileRef = 84ED11F229E09D2E00649F92 /* CategoryItem.swift */; };
		84ED11F529E0B19C00649F92 /* Profile.swift in Sources */ = {isa = PBXBuildFile; fileRef = 84ED11F429E0B19C00649F92 /* Profile.swift */; };
		84ED11F829E0B24600649F92 /* ProfileHost.swift in Sources */ = {isa = PBXBuildFile; fileRef = 84ED11F729E0B24600649F92 /* ProfileHost.swift */; };
		84ED11FA29E0B29F00649F92 /* ProfileSummary.swift in Sources */ = {isa = PBXBuildFile; fileRef = 84ED11F929E0B29F00649F92 /* ProfileSummary.swift */; };
		84ED11FC29E0B3E700649F92 /* HikeBadge.swift in Sources */ = {isa = PBXBuildFile; fileRef = 84ED11FB29E0B3E700649F92 /* HikeBadge.swift */; };
		84ED11FE29E0B9ED00649F92 /* ProfileEditor.swift in Sources */ = {isa = PBXBuildFile; fileRef = 84ED11FD29E0B9ED00649F92 /* ProfileEditor.swift */; };
		84ED120129E0C2DE00649F92 /* PageViewController.swift in Sources */ = {isa = PBXBuildFile; fileRef = 84ED120029E0C2DE00649F92 /* PageViewController.swift */; };
		84ED120329E0C4E000649F92 /* FeatureCard.swift in Sources */ = {isa = PBXBuildFile; fileRef = 84ED120229E0C4E000649F92 /* FeatureCard.swift */; };
		84ED120529E0C8BF00649F92 /* PageView.swift in Sources */ = {isa = PBXBuildFile; fileRef = 84ED120429E0C8BF00649F92 /* PageView.swift */; };
		84ED120729E0CF0F00649F92 /* PageControl.swift in Sources */ = {isa = PBXBuildFile; fileRef = 84ED120629E0CF0F00649F92 /* PageControl.swift */; };
		84FD62E429DDF2B100D44722 /* LandmarksApp.swift in Sources */ = {isa = PBXBuildFile; fileRef = 84FD62E329DDF2B100D44722 /* LandmarksApp.swift */; };
		84FD62E629DDF2B100D44722 /* ContentView.swift in Sources */ = {isa = PBXBuildFile; fileRef = 84FD62E529DDF2B100D44722 /* ContentView.swift */; };
		84FD62E829DDF2B300D44722 /* Assets.xcassets in Resources */ = {isa = PBXBuildFile; fileRef = 84FD62E729DDF2B300D44722 /* Assets.xcassets */; };
		84FD62EB29DDF2B300D44722 /* Preview Assets.xcassets in Resources */ = {isa = PBXBuildFile; fileRef = 84FD62EA29DDF2B300D44722 /* Preview Assets.xcassets */; };
		84FD62F529DDF2B300D44722 /* LandmarksTests.swift in Sources */ = {isa = PBXBuildFile; fileRef = 84FD62F429DDF2B300D44722 /* LandmarksTests.swift */; };
		84FD62FF29DDF2B300D44722 /* LandmarksUITests.swift in Sources */ = {isa = PBXBuildFile; fileRef = 84FD62FE29DDF2B300D44722 /* LandmarksUITests.swift */; };
		84FD630129DDF2B300D44722 /* LandmarksUITestsLaunchTests.swift in Sources */ = {isa = PBXBuildFile; fileRef = 84FD630029DDF2B300D44722 /* LandmarksUITestsLaunchTests.swift */; };
		84FD630E29DDFCC800D44722 /* CircleImage.swift in Sources */ = {isa = PBXBuildFile; fileRef = 84FD630D29DDFCC800D44722 /* CircleImage.swift */; };
		84FD631029DDFF7400D44722 /* MapView.swift in Sources */ = {isa = PBXBuildFile; fileRef = 84FD630F29DDFF7400D44722 /* MapView.swift */; };
		84FD631229DE0CF500D44722 /* landmarkData.json in Resources */ = {isa = PBXBuildFile; fileRef = 84FD631129DE0CF500D44722 /* landmarkData.json */; };
		84FD631429DE0D7B00D44722 /* Landmark.swift in Sources */ = {isa = PBXBuildFile; fileRef = 84FD631329DE0D7B00D44722 /* Landmark.swift */; };
/* End PBXBuildFile section */

/* Begin PBXContainerItemProxy section */
		84FD62F129DDF2B300D44722 /* PBXContainerItemProxy */ = {
			isa = PBXContainerItemProxy;
			containerPortal = 84FD62D829DDF2B100D44722 /* Project object */;
			proxyType = 1;
			remoteGlobalIDString = 84FD62DF29DDF2B100D44722;
			remoteInfo = Landmarks;
		};
		84FD62FB29DDF2B300D44722 /* PBXContainerItemProxy */ = {
			isa = PBXContainerItemProxy;
			containerPortal = 84FD62D829DDF2B100D44722 /* Project object */;
			proxyType = 1;
			remoteGlobalIDString = 84FD62DF29DDF2B100D44722;
			remoteInfo = Landmarks;
		};
/* End PBXContainerItemProxy section */

/* Begin PBXFileReference section */
		84ECF69329DF3845006373B7 /* ModelData.swift */ = {isa = PBXFileReference; lastKnownFileType = sourcecode.swift; path = ModelData.swift; sourceTree = "<group>"; };
		84ECF69829DF3A45006373B7 /* LandmarkRow.swift */ = {isa = PBXFileReference; lastKnownFileType = sourcecode.swift; path = LandmarkRow.swift; sourceTree = "<group>"; };
		84ECF69A29DF3C8F006373B7 /* LandmarkList.swift */ = {isa = PBXFileReference; lastKnownFileType = sourcecode.swift; path = LandmarkList.swift; sourceTree = "<group>"; };
		84ECF69C29DF3EE3006373B7 /* LandmarkDetail.swift */ = {isa = PBXFileReference; lastKnownFileType = sourcecode.swift; path = LandmarkDetail.swift; sourceTree = "<group>"; };
		84ECF69E29DF62E6006373B7 /* FavoriteButton.swift */ = {isa = PBXFileReference; lastKnownFileType = sourcecode.swift; path = FavoriteButton.swift; sourceTree = "<group>"; };
		84ECF6A229DF7D51006373B7 /* HexagonParameters.swift */ = {isa = PBXFileReference; lastKnownFileType = sourcecode.swift; path = HexagonParameters.swift; sourceTree = "<group>"; };
		84ECF6A429DF7EF5006373B7 /* BadgeBackground.swift */ = {isa = PBXFileReference; lastKnownFileType = sourcecode.swift; path = BadgeBackground.swift; sourceTree = "<group>"; };
		84ECF6A629DF84DA006373B7 /* BadgeSymbol.swift */ = {isa = PBXFileReference; lastKnownFileType = sourcecode.swift; path = BadgeSymbol.swift; sourceTree = "<group>"; };
		84ECF6A829DF85DB006373B7 /* RotatedBadgeSymbol.swift */ = {isa = PBXFileReference; lastKnownFileType = sourcecode.swift; path = RotatedBadgeSymbol.swift; sourceTree = "<group>"; };
		84ECF6AA29DF8681006373B7 /* Badge.swift */ = {isa = PBXFileReference; lastKnownFileType = sourcecode.swift; path = Badge.swift; sourceTree = "<group>"; };
		84ECF6AD29DF8A1F006373B7 /* hikeData.json */ = {isa = PBXFileReference; fileEncoding = 4; lastKnownFileType = text.json; path = hikeData.json; sourceTree = "<group>"; };
		84ECF6AF29DF8A47006373B7 /* Hike.swift */ = {isa = PBXFileReference; lastKnownFileType = sourcecode.swift; path = Hike.swift; sourceTree = "<group>"; };
		84ECF6B229DF8B7B006373B7 /* GraphCapsule.swift */ = {isa = PBXFileReference; fileEncoding = 4; lastKnownFileType = sourcecode.swift; path = GraphCapsule.swift; sourceTree = "<group>"; };
		84ECF6B329DF8B7B006373B7 /* HikeGraph.swift */ = {isa = PBXFileReference; fileEncoding = 4; lastKnownFileType = sourcecode.swift; path = HikeGraph.swift; sourceTree = "<group>"; };
		84ECF6B429DF8B7B006373B7 /* HikeDetail.swift */ = {isa = PBXFileReference; fileEncoding = 4; lastKnownFileType = sourcecode.swift; path = HikeDetail.swift; sourceTree = "<group>"; };
		84ECF6B529DF8B7B006373B7 /* HikeView.swift */ = {isa = PBXFileReference; fileEncoding = 4; lastKnownFileType = sourcecode.swift; path = HikeView.swift; sourceTree = "<group>"; };
		84ED11EE29E0984700649F92 /* CategoryHome.swift */ = {isa = PBXFileReference; lastKnownFileType = sourcecode.swift; path = CategoryHome.swift; sourceTree = "<group>"; };
		84ED11F029E09B8900649F92 /* CategoryRow.swift */ = {isa = PBXFileReference; lastKnownFileType = sourcecode.swift; path = CategoryRow.swift; sourceTree = "<group>"; };
		84ED11F229E09D2E00649F92 /* CategoryItem.swift */ = {isa = PBXFileReference; lastKnownFileType = sourcecode.swift; path = CategoryItem.swift; sourceTree = "<group>"; };
		84ED11F429E0B19C00649F92 /* Profile.swift */ = {isa = PBXFileReference; lastKnownFileType = sourcecode.swift; path = Profile.swift; sourceTree = "<group>"; };
		84ED11F729E0B24600649F92 /* ProfileHost.swift */ = {isa = PBXFileReference; lastKnownFileType = sourcecode.swift; path = ProfileHost.swift; sourceTree = "<group>"; };
		84ED11F929E0B29F00649F92 /* ProfileSummary.swift */ = {isa = PBXFileReference; lastKnownFileType = sourcecode.swift; path = ProfileSummary.swift; sourceTree = "<group>"; };
		84ED11FB29E0B3E700649F92 /* HikeBadge.swift */ = {isa = PBXFileReference; lastKnownFileType = sourcecode.swift; path = HikeBadge.swift; sourceTree = "<group>"; };
		84ED11FD29E0B9ED00649F92 /* ProfileEditor.swift */ = {isa = PBXFileReference; lastKnownFileType = sourcecode.swift; path = ProfileEditor.swift; sourceTree = "<group>"; };
		84ED120029E0C2DE00649F92 /* PageViewController.swift */ = {isa = PBXFileReference; lastKnownFileType = sourcecode.swift; path = PageViewController.swift; sourceTree = "<group>"; };
		84ED120229E0C4E000649F92 /* FeatureCard.swift */ = {isa = PBXFileReference; lastKnownFileType = sourcecode.swift; path = FeatureCard.swift; sourceTree = "<group>"; };
		84ED120429E0C8BF00649F92 /* PageView.swift */ = {isa = PBXFileReference; lastKnownFileType = sourcecode.swift; path = PageView.swift; sourceTree = "<group>"; };
		84ED120629E0CF0F00649F92 /* PageControl.swift */ = {isa = PBXFileReference; lastKnownFileType = sourcecode.swift; path = PageControl.swift; sourceTree = "<group>"; };
		84FD62E029DDF2B100D44722 /* Landmarks.app */ = {isa = PBXFileReference; explicitFileType = wrapper.application; includeInIndex = 0; path = Landmarks.app; sourceTree = BUILT_PRODUCTS_DIR; };
		84FD62E329DDF2B100D44722 /* LandmarksApp.swift */ = {isa = PBXFileReference; lastKnownFileType = sourcecode.swift; path = LandmarksApp.swift; sourceTree = "<group>"; };
		84FD62E529DDF2B100D44722 /* ContentView.swift */ = {isa = PBXFileReference; lastKnownFileType = sourcecode.swift; path = ContentView.swift; sourceTree = "<group>"; };
		84FD62E729DDF2B300D44722 /* Assets.xcassets */ = {isa = PBXFileReference; lastKnownFileType = folder.assetcatalog; path = Assets.xcassets; sourceTree = "<group>"; };
		84FD62EA29DDF2B300D44722 /* Preview Assets.xcassets */ = {isa = PBXFileReference; lastKnownFileType = folder.assetcatalog; path = "Preview Assets.xcassets"; sourceTree = "<group>"; };
		84FD62F029DDF2B300D44722 /* LandmarksTests.xctest */ = {isa = PBXFileReference; explicitFileType = wrapper.cfbundle; includeInIndex = 0; path = LandmarksTests.xctest; sourceTree = BUILT_PRODUCTS_DIR; };
		84FD62F429DDF2B300D44722 /* LandmarksTests.swift */ = {isa = PBXFileReference; lastKnownFileType = sourcecode.swift; path = LandmarksTests.swift; sourceTree = "<group>"; };
		84FD62FA29DDF2B300D44722 /* LandmarksUITests.xctest */ = {isa = PBXFileReference; explicitFileType = wrapper.cfbundle; includeInIndex = 0; path = LandmarksUITests.xctest; sourceTree = BUILT_PRODUCTS_DIR; };
		84FD62FE29DDF2B300D44722 /* LandmarksUITests.swift */ = {isa = PBXFileReference; lastKnownFileType = sourcecode.swift; path = LandmarksUITests.swift; sourceTree = "<group>"; };
		84FD630029DDF2B300D44722 /* LandmarksUITestsLaunchTests.swift */ = {isa = PBXFileReference; lastKnownFileType = sourcecode.swift; path = LandmarksUITestsLaunchTests.swift; sourceTree = "<group>"; };
		84FD630D29DDFCC800D44722 /* CircleImage.swift */ = {isa = PBXFileReference; lastKnownFileType = sourcecode.swift; path = CircleImage.swift; sourceTree = "<group>"; };
		84FD630F29DDFF7400D44722 /* MapView.swift */ = {isa = PBXFileReference; lastKnownFileType = sourcecode.swift; path = MapView.swift; sourceTree = "<group>"; };
		84FD631129DE0CF500D44722 /* landmarkData.json */ = {isa = PBXFileReference; fileEncoding = 4; lastKnownFileType = text.json; path = landmarkData.json; sourceTree = "<group>"; };
		84FD631329DE0D7B00D44722 /* Landmark.swift */ = {isa = PBXFileReference; lastKnownFileType = sourcecode.swift; path = Landmark.swift; sourceTree = "<group>"; };
/* End PBXFileReference section */

/* Begin PBXFrameworksBuildPhase section */
		84FD62DD29DDF2B100D44722 /* Frameworks */ = {
			isa = PBXFrameworksBuildPhase;
			buildActionMask = 2147483647;
			files = (
			);
			runOnlyForDeploymentPostprocessing = 0;
		};
		84FD62ED29DDF2B300D44722 /* Frameworks */ = {
			isa = PBXFrameworksBuildPhase;
			buildActionMask = 2147483647;
			files = (
			);
			runOnlyForDeploymentPostprocessing = 0;
		};
		84FD62F729DDF2B300D44722 /* Frameworks */ = {
			isa = PBXFrameworksBuildPhase;
			buildActionMask = 2147483647;
			files = (
			);
			runOnlyForDeploymentPostprocessing = 0;
		};
/* End PBXFrameworksBuildPhase section */

/* Begin PBXGroup section */
		84ECF69529DF3972006373B7 /* Resources */ = {
			isa = PBXGroup;
			children = (
				84ECF6AD29DF8A1F006373B7 /* hikeData.json */,
				84FD631129DE0CF500D44722 /* landmarkData.json */,
			);
			path = Resources;
			sourceTree = "<group>";
		};
		84ECF69629DF39AD006373B7 /* Views */ = {
			isa = PBXGroup;
			children = (
				84FD62E529DDF2B100D44722 /* ContentView.swift */,
				84ECF6A029DF6460006373B7 /* Helpers */,
				84ECF6A129DF6485006373B7 /* Landmarks */,
				84ECF6AC29DF889B006373B7 /* Badges */,
				84ECF6B129DF8B7B006373B7 /* Hikes */,
				84ED11ED29E0982800649F92 /* Categories */,
				84ED11F629E0B22A00649F92 /* Profiles */,
				84ED11FF29E0C2BC00649F92 /* PageView */,
			);
			path = Views;
			sourceTree = "<group>";
		};
		84ECF69729DF39E5006373B7 /* Model */ = {
			isa = PBXGroup;
			children = (
				84FD631329DE0D7B00D44722 /* Landmark.swift */,
				84ECF6AF29DF8A47006373B7 /* Hike.swift */,
				84ECF69329DF3845006373B7 /* ModelData.swift */,
				84ED11F429E0B19C00649F92 /* Profile.swift */,
			);
			path = Model;
			sourceTree = "<group>";
		};
		84ECF6A029DF6460006373B7 /* Helpers */ = {
			isa = PBXGroup;
			children = (
				84FD630D29DDFCC800D44722 /* CircleImage.swift */,
				84FD630F29DDFF7400D44722 /* MapView.swift */,
				84ECF69E29DF62E6006373B7 /* FavoriteButton.swift */,
			);
			path = Helpers;
			sourceTree = "<group>";
		};
		84ECF6A129DF6485006373B7 /* Landmarks */ = {
			isa = PBXGroup;
			children = (
				84ECF69829DF3A45006373B7 /* LandmarkRow.swift */,
				84ECF69C29DF3EE3006373B7 /* LandmarkDetail.swift */,
				84ECF69A29DF3C8F006373B7 /* LandmarkList.swift */,
			);
			path = Landmarks;
			sourceTree = "<group>";
		};
		84ECF6AC29DF889B006373B7 /* Badges */ = {
			isa = PBXGroup;
			children = (
				84ECF6A229DF7D51006373B7 /* HexagonParameters.swift */,
				84ECF6A429DF7EF5006373B7 /* BadgeBackground.swift */,
				84ECF6A629DF84DA006373B7 /* BadgeSymbol.swift */,
				84ECF6A829DF85DB006373B7 /* RotatedBadgeSymbol.swift */,
				84ECF6AA29DF8681006373B7 /* Badge.swift */,
			);
			path = Badges;
			sourceTree = "<group>";
		};
		84ECF6B129DF8B7B006373B7 /* Hikes */ = {
			isa = PBXGroup;
			children = (
				84ECF6B229DF8B7B006373B7 /* GraphCapsule.swift */,
				84ECF6B329DF8B7B006373B7 /* HikeGraph.swift */,
				84ECF6B429DF8B7B006373B7 /* HikeDetail.swift */,
				84ECF6B529DF8B7B006373B7 /* HikeView.swift */,
				84ED11FB29E0B3E700649F92 /* HikeBadge.swift */,
			);
			path = Hikes;
			sourceTree = "<group>";
		};
		84ED11ED29E0982800649F92 /* Categories */ = {
			isa = PBXGroup;
			children = (
				84ED11EE29E0984700649F92 /* CategoryHome.swift */,
				84ED11F029E09B8900649F92 /* CategoryRow.swift */,
				84ED11F229E09D2E00649F92 /* CategoryItem.swift */,
			);
			path = Categories;
			sourceTree = "<group>";
		};
		84ED11F629E0B22A00649F92 /* Profiles */ = {
			isa = PBXGroup;
			children = (
				84ED11F729E0B24600649F92 /* ProfileHost.swift */,
				84ED11F929E0B29F00649F92 /* ProfileSummary.swift */,
				84ED11FD29E0B9ED00649F92 /* ProfileEditor.swift */,
			);
			path = Profiles;
			sourceTree = "<group>";
		};
		84ED11FF29E0C2BC00649F92 /* PageView */ = {
			isa = PBXGroup;
			children = (
				84ED120029E0C2DE00649F92 /* PageViewController.swift */,
				84ED120229E0C4E000649F92 /* FeatureCard.swift */,
				84ED120429E0C8BF00649F92 /* PageView.swift */,
				84ED120629E0CF0F00649F92 /* PageControl.swift */,
			);
			path = PageView;
			sourceTree = "<group>";
		};
		84FD62D729DDF2B100D44722 = {
			isa = PBXGroup;
			children = (
				84FD62E229DDF2B100D44722 /* Landmarks */,
				84FD62F329DDF2B300D44722 /* LandmarksTests */,
				84FD62FD29DDF2B300D44722 /* LandmarksUITests */,
				84FD62E129DDF2B100D44722 /* Products */,
			);
			sourceTree = "<group>";
		};
		84FD62E129DDF2B100D44722 /* Products */ = {
			isa = PBXGroup;
			children = (
				84FD62E029DDF2B100D44722 /* Landmarks.app */,
				84FD62F029DDF2B300D44722 /* LandmarksTests.xctest */,
				84FD62FA29DDF2B300D44722 /* LandmarksUITests.xctest */,
			);
			name = Products;
			sourceTree = "<group>";
		};
		84FD62E229DDF2B100D44722 /* Landmarks */ = {
			isa = PBXGroup;
			children = (
				84FD62E329DDF2B100D44722 /* LandmarksApp.swift */,
				84ECF69629DF39AD006373B7 /* Views */,
				84ECF69729DF39E5006373B7 /* Model */,
				84ECF69529DF3972006373B7 /* Resources */,
				84FD62E729DDF2B300D44722 /* Assets.xcassets */,
				84FD62E929DDF2B300D44722 /* Preview Content */,
			);
			path = Landmarks;
			sourceTree = "<group>";
		};
		84FD62E929DDF2B300D44722 /* Preview Content */ = {
			isa = PBXGroup;
			children = (
				84FD62EA29DDF2B300D44722 /* Preview Assets.xcassets */,
			);
			path = "Preview Content";
			sourceTree = "<group>";
		};
		84FD62F329DDF2B300D44722 /* LandmarksTests */ = {
			isa = PBXGroup;
			children = (
				84FD62F429DDF2B300D44722 /* LandmarksTests.swift */,
			);
			path = LandmarksTests;
			sourceTree = "<group>";
		};
		84FD62FD29DDF2B300D44722 /* LandmarksUITests */ = {
			isa = PBXGroup;
			children = (
				84FD62FE29DDF2B300D44722 /* LandmarksUITests.swift */,
				84FD630029DDF2B300D44722 /* LandmarksUITestsLaunchTests.swift */,
			);
			path = LandmarksUITests;
			sourceTree = "<group>";
		};
/* End PBXGroup section */

/* Begin PBXNativeTarget section */
		84FD62DF29DDF2B100D44722 /* Landmarks */ = {
			isa = PBXNativeTarget;
			buildConfigurationList = 84FD630429DDF2B300D44722 /* Build configuration list for PBXNativeTarget "Landmarks" */;
			buildPhases = (
				84FD62DC29DDF2B100D44722 /* Sources */,
				84FD62DD29DDF2B100D44722 /* Frameworks */,
				84FD62DE29DDF2B100D44722 /* Resources */,
			);
			buildRules = (
			);
			dependencies = (
			);
			name = Landmarks;
			productName = Landmarks;
			productReference = 84FD62E029DDF2B100D44722 /* Landmarks.app */;
			productType = "com.apple.product-type.application";
		};
		84FD62EF29DDF2B300D44722 /* LandmarksTests */ = {
			isa = PBXNativeTarget;
			buildConfigurationList = 84FD630729DDF2B300D44722 /* Build configuration list for PBXNativeTarget "LandmarksTests" */;
			buildPhases = (
				84FD62EC29DDF2B300D44722 /* Sources */,
				84FD62ED29DDF2B300D44722 /* Frameworks */,
				84FD62EE29DDF2B300D44722 /* Resources */,
			);
			buildRules = (
			);
			dependencies = (
				84FD62F229DDF2B300D44722 /* PBXTargetDependency */,
			);
			name = LandmarksTests;
			productName = LandmarksTests;
			productReference = 84FD62F029DDF2B300D44722 /* LandmarksTests.xctest */;
			productType = "com.apple.product-type.bundle.unit-test";
		};
		84FD62F929DDF2B300D44722 /* LandmarksUITests */ = {
			isa = PBXNativeTarget;
			buildConfigurationList = 84FD630A29DDF2B300D44722 /* Build configuration list for PBXNativeTarget "LandmarksUITests" */;
			buildPhases = (
				84FD62F629DDF2B300D44722 /* Sources */,
				84FD62F729DDF2B300D44722 /* Frameworks */,
				84FD62F829DDF2B300D44722 /* Resources */,
			);
			buildRules = (
			);
			dependencies = (
				84FD62FC29DDF2B300D44722 /* PBXTargetDependency */,
			);
			name = LandmarksUITests;
			productName = LandmarksUITests;
			productReference = 84FD62FA29DDF2B300D44722 /* LandmarksUITests.xctest */;
			productType = "com.apple.product-type.bundle.ui-testing";
		};
/* End PBXNativeTarget section */

/* Begin PBXProject section */
		84FD62D829DDF2B100D44722 /* Project object */ = {
			isa = PBXProject;
			attributes = {
				BuildIndependentTargetsInParallel = 1;
				LastSwiftUpdateCheck = 1430;
				LastUpgradeCheck = 1430;
				ORGANIZATIONNAME = bytedriver;
				TargetAttributes = {
					84FD62DF29DDF2B100D44722 = {
						CreatedOnToolsVersion = 14.3;
					};
					84FD62EF29DDF2B300D44722 = {
						CreatedOnToolsVersion = 14.3;
						TestTargetID = 84FD62DF29DDF2B100D44722;
					};
					84FD62F929DDF2B300D44722 = {
						CreatedOnToolsVersion = 14.3;
						TestTargetID = 84FD62DF29DDF2B100D44722;
					};
				};
			};
			buildConfigurationList = 84FD62DB29DDF2B100D44722 /* Build configuration list for PBXProject "Landmarks" */;
			compatibilityVersion = "Xcode 14.0";
			developmentRegion = en;
			hasScannedForEncodings = 0;
			knownRegions = (
				en,
				Base,
			);
			mainGroup = 84FD62D729DDF2B100D44722;
			productRefGroup = 84FD62E129DDF2B100D44722 /* Products */;
			projectDirPath = "";
			projectRoot = "";
			targets = (
				84FD62DF29DDF2B100D44722 /* Landmarks */,
				84FD62EF29DDF2B300D44722 /* LandmarksTests */,
				84FD62F929DDF2B300D44722 /* LandmarksUITests */,
			);
		};
/* End PBXProject section */

/* Begin PBXResourcesBuildPhase section */
		84FD62DE29DDF2B100D44722 /* Resources */ = {
			isa = PBXResourcesBuildPhase;
			buildActionMask = 2147483647;
			files = (
				84ECF6AE29DF8A1F006373B7 /* hikeData.json in Resources */,
				84FD62EB29DDF2B300D44722 /* Preview Assets.xcassets in Resources */,
				84FD62E829DDF2B300D44722 /* Assets.xcassets in Resources */,
				84FD631229DE0CF500D44722 /* landmarkData.json in Resources */,
			);
			runOnlyForDeploymentPostprocessing = 0;
		};
		84FD62EE29DDF2B300D44722 /* Resources */ = {
			isa = PBXResourcesBuildPhase;
			buildActionMask = 2147483647;
			files = (
			);
			runOnlyForDeploymentPostprocessing = 0;
		};
		84FD62F829DDF2B300D44722 /* Resources */ = {
			isa = PBXResourcesBuildPhase;
			buildActionMask = 2147483647;
			files = (
			);
			runOnlyForDeploymentPostprocessing = 0;
		};
/* End PBXResourcesBuildPhase section */

/* Begin PBXSourcesBuildPhase section */
		84FD62DC29DDF2B100D44722 /* Sources */ = {
			isa = PBXSourcesBuildPhase;
			buildActionMask = 2147483647;
			files = (
				84FD62E629DDF2B100D44722 /* ContentView.swift in Sources */,
				84ED11F529E0B19C00649F92 /* Profile.swift in Sources */,
				84ED11EF29E0984700649F92 /* CategoryHome.swift in Sources */,
				84ECF6B729DF8B7B006373B7 /* HikeGraph.swift in Sources */,
				84ED120329E0C4E000649F92 /* FeatureCard.swift in Sources */,
				84ECF6AB29DF8681006373B7 /* Badge.swift in Sources */,
				84FD631029DDFF7400D44722 /* MapView.swift in Sources */,
				84ECF6B629DF8B7B006373B7 /* GraphCapsule.swift in Sources */,
				84FD62E429DDF2B100D44722 /* LandmarksApp.swift in Sources */,
				84ECF69F29DF62E6006373B7 /* FavoriteButton.swift in Sources */,
				84ED120729E0CF0F00649F92 /* PageControl.swift in Sources */,
				84ECF6B829DF8B7B006373B7 /* HikeDetail.swift in Sources */,
				84ED11F329E09D2E00649F92 /* CategoryItem.swift in Sources */,
				84ECF6A329DF7D51006373B7 /* HexagonParameters.swift in Sources */,
				84ED11FA29E0B29F00649F92 /* ProfileSummary.swift in Sources */,
				84ECF6B029DF8A47006373B7 /* Hike.swift in Sources */,
				84ED11F829E0B24600649F92 /* ProfileHost.swift in Sources */,
				84ECF6A929DF85DB006373B7 /* RotatedBadgeSymbol.swift in Sources */,
				84ECF6A729DF84DA006373B7 /* BadgeSymbol.swift in Sources */,
				84ED120529E0C8BF00649F92 /* PageView.swift in Sources */,
				84ECF69B29DF3C8F006373B7 /* LandmarkList.swift in Sources */,
				84ED11FE29E0B9ED00649F92 /* ProfileEditor.swift in Sources */,
				84ECF6B929DF8B7B006373B7 /* HikeView.swift in Sources */,
				84ECF69D29DF3EE3006373B7 /* LandmarkDetail.swift in Sources */,
				84ED11F129E09B8900649F92 /* CategoryRow.swift in Sources */,
				84ED120129E0C2DE00649F92 /* PageViewController.swift in Sources */,
				84ECF6A529DF7EF5006373B7 /* BadgeBackground.swift in Sources */,
				84ED11FC29E0B3E700649F92 /* HikeBadge.swift in Sources */,
				84FD630E29DDFCC800D44722 /* CircleImage.swift in Sources */,
				84FD631429DE0D7B00D44722 /* Landmark.swift in Sources */,
				84ECF69929DF3A45006373B7 /* LandmarkRow.swift in Sources */,
				84ECF69429DF3845006373B7 /* ModelData.swift in Sources */,
			);
			runOnlyForDeploymentPostprocessing = 0;
		};
		84FD62EC29DDF2B300D44722 /* Sources */ = {
			isa = PBXSourcesBuildPhase;
			buildActionMask = 2147483647;
			files = (
				84FD62F529DDF2B300D44722 /* LandmarksTests.swift in Sources */,
			);
			runOnlyForDeploymentPostprocessing = 0;
		};
		84FD62F629DDF2B300D44722 /* Sources */ = {
			isa = PBXSourcesBuildPhase;
			buildActionMask = 2147483647;
			files = (
				84FD630129DDF2B300D44722 /* LandmarksUITestsLaunchTests.swift in Sources */,
				84FD62FF29DDF2B300D44722 /* LandmarksUITests.swift in Sources */,
			);
			runOnlyForDeploymentPostprocessing = 0;
		};
/* End PBXSourcesBuildPhase section */

/* Begin PBXTargetDependency section */
		84FD62F229DDF2B300D44722 /* PBXTargetDependency */ = {
			isa = PBXTargetDependency;
			target = 84FD62DF29DDF2B100D44722 /* Landmarks */;
			targetProxy = 84FD62F129DDF2B300D44722 /* PBXContainerItemProxy */;
		};
		84FD62FC29DDF2B300D44722 /* PBXTargetDependency */ = {
			isa = PBXTargetDependency;
			target = 84FD62DF29DDF2B100D44722 /* Landmarks */;
			targetProxy = 84FD62FB29DDF2B300D44722 /* PBXContainerItemProxy */;
		};
/* End PBXTargetDependency section */

/* Begin XCBuildConfiguration section */
		84FD630229DDF2B300D44722 /* Debug */ = {
			isa = XCBuildConfiguration;
			buildSettings = {
				ALWAYS_SEARCH_USER_PATHS = NO;
				CLANG_ANALYZER_NONNULL = YES;
				CLANG_ANALYZER_NUMBER_OBJECT_CONVERSION = YES_AGGRESSIVE;
				CLANG_CXX_LANGUAGE_STANDARD = "gnu++20";
				CLANG_ENABLE_MODULES = YES;
				CLANG_ENABLE_OBJC_ARC = YES;
				CLANG_ENABLE_OBJC_WEAK = YES;
				CLANG_WARN_BLOCK_CAPTURE_AUTORELEASING = YES;
				CLANG_WARN_BOOL_CONVERSION = YES;
				CLANG_WARN_COMMA = YES;
				CLANG_WARN_CONSTANT_CONVERSION = YES;
				CLANG_WARN_DEPRECATED_OBJC_IMPLEMENTATIONS = YES;
				CLANG_WARN_DIRECT_OBJC_ISA_USAGE = YES_ERROR;
				CLANG_WARN_DOCUMENTATION_COMMENTS = YES;
				CLANG_WARN_EMPTY_BODY = YES;
				CLANG_WARN_ENUM_CONVERSION = YES;
				CLANG_WARN_INFINITE_RECURSION = YES;
				CLANG_WARN_INT_CONVERSION = YES;
				CLANG_WARN_NON_LITERAL_NULL_CONVERSION = YES;
				CLANG_WARN_OBJC_IMPLICIT_RETAIN_SELF = YES;
				CLANG_WARN_OBJC_LITERAL_CONVERSION = YES;
				CLANG_WARN_OBJC_ROOT_CLASS = YES_ERROR;
				CLANG_WARN_QUOTED_INCLUDE_IN_FRAMEWORK_HEADER = YES;
				CLANG_WARN_RANGE_LOOP_ANALYSIS = YES;
				CLANG_WARN_STRICT_PROTOTYPES = YES;
				CLANG_WARN_SUSPICIOUS_MOVE = YES;
				CLANG_WARN_UNGUARDED_AVAILABILITY = YES_AGGRESSIVE;
				CLANG_WARN_UNREACHABLE_CODE = YES;
				CLANG_WARN__DUPLICATE_METHOD_MATCH = YES;
				COPY_PHASE_STRIP = NO;
				DEBUG_INFORMATION_FORMAT = dwarf;
				ENABLE_STRICT_OBJC_MSGSEND = YES;
				ENABLE_TESTABILITY = YES;
				GCC_C_LANGUAGE_STANDARD = gnu11;
				GCC_DYNAMIC_NO_PIC = NO;
				GCC_NO_COMMON_BLOCKS = YES;
				GCC_OPTIMIZATION_LEVEL = 0;
				GCC_PREPROCESSOR_DEFINITIONS = (
					"DEBUG=1",
					"$(inherited)",
				);
				GCC_WARN_64_TO_32_BIT_CONVERSION = YES;
				GCC_WARN_ABOUT_RETURN_TYPE = YES_ERROR;
				GCC_WARN_UNDECLARED_SELECTOR = YES;
				GCC_WARN_UNINITIALIZED_AUTOS = YES_AGGRESSIVE;
				GCC_WARN_UNUSED_FUNCTION = YES;
				GCC_WARN_UNUSED_VARIABLE = YES;
				IPHONEOS_DEPLOYMENT_TARGET = 16.4;
				MTL_ENABLE_DEBUG_INFO = INCLUDE_SOURCE;
				MTL_FAST_MATH = YES;
				ONLY_ACTIVE_ARCH = YES;
				SDKROOT = iphoneos;
				SWIFT_ACTIVE_COMPILATION_CONDITIONS = DEBUG;
				SWIFT_OPTIMIZATION_LEVEL = "-Onone";
			};
			name = Debug;
		};
		84FD630329DDF2B300D44722 /* Release */ = {
			isa = XCBuildConfiguration;
			buildSettings = {
				ALWAYS_SEARCH_USER_PATHS = NO;
				CLANG_ANALYZER_NONNULL = YES;
				CLANG_ANALYZER_NUMBER_OBJECT_CONVERSION = YES_AGGRESSIVE;
				CLANG_CXX_LANGUAGE_STANDARD = "gnu++20";
				CLANG_ENABLE_MODULES = YES;
				CLANG_ENABLE_OBJC_ARC = YES;
				CLANG_ENABLE_OBJC_WEAK = YES;
				CLANG_WARN_BLOCK_CAPTURE_AUTORELEASING = YES;
				CLANG_WARN_BOOL_CONVERSION = YES;
				CLANG_WARN_COMMA = YES;
				CLANG_WARN_CONSTANT_CONVERSION = YES;
				CLANG_WARN_DEPRECATED_OBJC_IMPLEMENTATIONS = YES;
				CLANG_WARN_DIRECT_OBJC_ISA_USAGE = YES_ERROR;
				CLANG_WARN_DOCUMENTATION_COMMENTS = YES;
				CLANG_WARN_EMPTY_BODY = YES;
				CLANG_WARN_ENUM_CONVERSION = YES;
				CLANG_WARN_INFINITE_RECURSION = YES;
				CLANG_WARN_INT_CONVERSION = YES;
				CLANG_WARN_NON_LITERAL_NULL_CONVERSION = YES;
				CLANG_WARN_OBJC_IMPLICIT_RETAIN_SELF = YES;
				CLANG_WARN_OBJC_LITERAL_CONVERSION = YES;
				CLANG_WARN_OBJC_ROOT_CLASS = YES_ERROR;
				CLANG_WARN_QUOTED_INCLUDE_IN_FRAMEWORK_HEADER = YES;
				CLANG_WARN_RANGE_LOOP_ANALYSIS = YES;
				CLANG_WARN_STRICT_PROTOTYPES = YES;
				CLANG_WARN_SUSPICIOUS_MOVE = YES;
				CLANG_WARN_UNGUARDED_AVAILABILITY = YES_AGGRESSIVE;
				CLANG_WARN_UNREACHABLE_CODE = YES;
				CLANG_WARN__DUPLICATE_METHOD_MATCH = YES;
				COPY_PHASE_STRIP = NO;
				DEBUG_INFORMATION_FORMAT = "dwarf-with-dsym";
				ENABLE_NS_ASSERTIONS = NO;
				ENABLE_STRICT_OBJC_MSGSEND = YES;
				GCC_C_LANGUAGE_STANDARD = gnu11;
				GCC_NO_COMMON_BLOCKS = YES;
				GCC_WARN_64_TO_32_BIT_CONVERSION = YES;
				GCC_WARN_ABOUT_RETURN_TYPE = YES_ERROR;
				GCC_WARN_UNDECLARED_SELECTOR = YES;
				GCC_WARN_UNINITIALIZED_AUTOS = YES_AGGRESSIVE;
				GCC_WARN_UNUSED_FUNCTION = YES;
				GCC_WARN_UNUSED_VARIABLE = YES;
				IPHONEOS_DEPLOYMENT_TARGET = 16.4;
				MTL_ENABLE_DEBUG_INFO = NO;
				MTL_FAST_MATH = YES;
				SDKROOT = iphoneos;
				SWIFT_COMPILATION_MODE = wholemodule;
				SWIFT_OPTIMIZATION_LEVEL = "-O";
				VALIDATE_PRODUCT = YES;
			};
			name = Release;
		};
		84FD630529DDF2B300D44722 /* Debug */ = {
			isa = XCBuildConfiguration;
			buildSettings = {
				ASSETCATALOG_COMPILER_APPICON_NAME = AppIcon;
				ASSETCATALOG_COMPILER_GLOBAL_ACCENT_COLOR_NAME = AccentColor;
				CODE_SIGN_STYLE = Automatic;
				CURRENT_PROJECT_VERSION = 1;
				DEVELOPMENT_ASSET_PATHS = "\"Landmarks/Preview Content\"";
				ENABLE_PREVIEWS = YES;
				GENERATE_INFOPLIST_FILE = YES;
				INFOPLIST_KEY_UIApplicationSceneManifest_Generation = YES;
				INFOPLIST_KEY_UIApplicationSupportsIndirectInputEvents = YES;
				INFOPLIST_KEY_UILaunchScreen_Generation = YES;
				INFOPLIST_KEY_UISupportedInterfaceOrientations_iPad = "UIInterfaceOrientationPortrait UIInterfaceOrientationPortraitUpsideDown UIInterfaceOrientationLandscapeLeft UIInterfaceOrientationLandscapeRight";
				INFOPLIST_KEY_UISupportedInterfaceOrientations_iPhone = "UIInterfaceOrientationPortrait UIInterfaceOrientationLandscapeLeft UIInterfaceOrientationLandscapeRight";
				LD_RUNPATH_SEARCH_PATHS = (
					"$(inherited)",
					"@executable_path/Frameworks",
				);
				MARKETING_VERSION = 1.0;
				PRODUCT_BUNDLE_IDENTIFIER = com.temp.Landmarks;
				PRODUCT_NAME = "$(TARGET_NAME)";
				SWIFT_EMIT_LOC_STRINGS = YES;
				SWIFT_VERSION = 5.0;
				TARGETED_DEVICE_FAMILY = "1,2";
			};
			name = Debug;
		};
		84FD630629DDF2B300D44722 /* Release */ = {
			isa = XCBuildConfiguration;
			buildSettings = {
				ASSETCATALOG_COMPILER_APPICON_NAME = AppIcon;
				ASSETCATALOG_COMPILER_GLOBAL_ACCENT_COLOR_NAME = AccentColor;
				CODE_SIGN_STYLE = Automatic;
				CURRENT_PROJECT_VERSION = 1;
				DEVELOPMENT_ASSET_PATHS = "\"Landmarks/Preview Content\"";
				ENABLE_PREVIEWS = YES;
				GENERATE_INFOPLIST_FILE = YES;
				INFOPLIST_KEY_UIApplicationSceneManifest_Generation = YES;
				INFOPLIST_KEY_UIApplicationSupportsIndirectInputEvents = YES;
				INFOPLIST_KEY_UILaunchScreen_Generation = YES;
				INFOPLIST_KEY_UISupportedInterfaceOrientations_iPad = "UIInterfaceOrientationPortrait UIInterfaceOrientationPortraitUpsideDown UIInterfaceOrientationLandscapeLeft UIInterfaceOrientationLandscapeRight";
				INFOPLIST_KEY_UISupportedInterfaceOrientations_iPhone = "UIInterfaceOrientationPortrait UIInterfaceOrientationLandscapeLeft UIInterfaceOrientationLandscapeRight";
				LD_RUNPATH_SEARCH_PATHS = (
					"$(inherited)",
					"@executable_path/Frameworks",
				);
				MARKETING_VERSION = 1.0;
				PRODUCT_BUNDLE_IDENTIFIER = com.temp.Landmarks;
				PRODUCT_NAME = "$(TARGET_NAME)";
				SWIFT_EMIT_LOC_STRINGS = YES;
				SWIFT_VERSION = 5.0;
				TARGETED_DEVICE_FAMILY = "1,2";
			};
			name = Release;
		};
		84FD630829DDF2B300D44722 /* Debug */ = {
			isa = XCBuildConfiguration;
			buildSettings = {
				ALWAYS_EMBED_SWIFT_STANDARD_LIBRARIES = YES;
				BUNDLE_LOADER = "$(TEST_HOST)";
				CODE_SIGN_STYLE = Automatic;
				CURRENT_PROJECT_VERSION = 1;
				GENERATE_INFOPLIST_FILE = YES;
				IPHONEOS_DEPLOYMENT_TARGET = 16.4;
				MARKETING_VERSION = 1.0;
				PRODUCT_BUNDLE_IDENTIFIER = com.temp.LandmarksTests;
				PRODUCT_NAME = "$(TARGET_NAME)";
				SWIFT_EMIT_LOC_STRINGS = NO;
				SWIFT_VERSION = 5.0;
				TARGETED_DEVICE_FAMILY = "1,2";
				TEST_HOST = "$(BUILT_PRODUCTS_DIR)/Landmarks.app/$(BUNDLE_EXECUTABLE_FOLDER_PATH)/Landmarks";
			};
			name = Debug;
		};
		84FD630929DDF2B300D44722 /* Release */ = {
			isa = XCBuildConfiguration;
			buildSettings = {
				ALWAYS_EMBED_SWIFT_STANDARD_LIBRARIES = YES;
				BUNDLE_LOADER = "$(TEST_HOST)";
				CODE_SIGN_STYLE = Automatic;
				CURRENT_PROJECT_VERSION = 1;
				GENERATE_INFOPLIST_FILE = YES;
				IPHONEOS_DEPLOYMENT_TARGET = 16.4;
				MARKETING_VERSION = 1.0;
				PRODUCT_BUNDLE_IDENTIFIER = com.temp.LandmarksTests;
				PRODUCT_NAME = "$(TARGET_NAME)";
				SWIFT_EMIT_LOC_STRINGS = NO;
				SWIFT_VERSION = 5.0;
				TARGETED_DEVICE_FAMILY = "1,2";
				TEST_HOST = "$(BUILT_PRODUCTS_DIR)/Landmarks.app/$(BUNDLE_EXECUTABLE_FOLDER_PATH)/Landmarks";
			};
			name = Release;
		};
		84FD630B29DDF2B300D44722 /* Debug */ = {
			isa = XCBuildConfiguration;
			buildSettings = {
				ALWAYS_EMBED_SWIFT_STANDARD_LIBRARIES = YES;
				CODE_SIGN_STYLE = Automatic;
				CURRENT_PROJECT_VERSION = 1;
				GENERATE_INFOPLIST_FILE = YES;
				MARKETING_VERSION = 1.0;
				PRODUCT_BUNDLE_IDENTIFIER = com.temp.LandmarksUITests;
				PRODUCT_NAME = "$(TARGET_NAME)";
				SWIFT_EMIT_LOC_STRINGS = NO;
				SWIFT_VERSION = 5.0;
				TARGETED_DEVICE_FAMILY = "1,2";
				TEST_TARGET_NAME = Landmarks;
			};
			name = Debug;
		};
		84FD630C29DDF2B300D44722 /* Release */ = {
			isa = XCBuildConfiguration;
			buildSettings = {
				ALWAYS_EMBED_SWIFT_STANDARD_LIBRARIES = YES;
				CODE_SIGN_STYLE = Automatic;
				CURRENT_PROJECT_VERSION = 1;
				GENERATE_INFOPLIST_FILE = YES;
				MARKETING_VERSION = 1.0;
				PRODUCT_BUNDLE_IDENTIFIER = com.temp.LandmarksUITests;
				PRODUCT_NAME = "$(TARGET_NAME)";
				SWIFT_EMIT_LOC_STRINGS = NO;
				SWIFT_VERSION = 5.0;
				TARGETED_DEVICE_FAMILY = "1,2";
				TEST_TARGET_NAME = Landmarks;
			};
			name = Release;
		};
/* End XCBuildConfiguration section */

/* Begin XCConfigurationList section */
		84FD62DB29DDF2B100D44722 /* Build configuration list for PBXProject "Landmarks" */ = {
			isa = XCConfigurationList;
			buildConfigurations = (
				84FD630229DDF2B300D44722 /* Debug */,
				84FD630329DDF2B300D44722 /* Release */,
			);
			defaultConfigurationIsVisible = 0;
			defaultConfigurationName = Release;
		};
		84FD630429DDF2B300D44722 /* Build configuration list for PBXNativeTarget "Landmarks" */ = {
			isa = XCConfigurationList;
			buildConfigurations = (
				84FD630529DDF2B300D44722 /* Debug */,
				84FD630629DDF2B300D44722 /* Release */,
			);
			defaultConfigurationIsVisible = 0;
			defaultConfigurationName = Release;
		};
		84FD630729DDF2B300D44722 /* Build configuration list for PBXNativeTarget "LandmarksTests" */ = {
			isa = XCConfigurationList;
			buildConfigurations = (
				84FD630829DDF2B300D44722 /* Debug */,
				84FD630929DDF2B300D44722 /* Release */,
			);
			defaultConfigurationIsVisible = 0;
			defaultConfigurationName = Release;
		};
		84FD630A29DDF2B300D44722 /* Build configuration list for PBXNativeTarget "LandmarksUITests" */ = {
			isa = XCConfigurationList;
			buildConfigurations = (
				84FD630B29DDF2B300D44722 /* Debug */,
				84FD630C29DDF2B300D44722 /* Release */,
			);
			defaultConfigurationIsVisible = 0;
			defaultConfigurationName = Release;
		};
/* End XCConfigurationList section */
	};
	rootObject = 84FD62D829DDF2B100D44722 /* Project object */;
}
